<?xml version="1.0" encoding="utf-8"?>
<Project ToolsVersion="4.0" xmlns="http://schemas.microsoft.com/developer/msbuild/2003">
  <ItemGroup>
    <Filter Include="Source Files">
      <UniqueIdentifier>{4FC737F1-C7A5-4376-A066-2A32D752A2FF}</UniqueIdentifier>
      <Extensions>cpp;c;cc;cxx;def;odl;idl;hpj;bat;asm;asmx</Extensions>
    </Filter>
    <Filter Include="Header Files">
      <UniqueIdentifier>{93995380-89BD-4b04-88EB-625FBE52EBFB}</UniqueIdentifier>
      <Extensions>h;hh;hpp;hxx;hm;inl;inc;ipp;xsd</Extensions>
    </Filter>
    <Filter Include="Resource Files">
      <UniqueIdentifier>{67DA6AB6-F800-4c08-8B7A-83BB121AAD01}</UniqueIdentifier>
      <Extensions>rc;ico;cur;bmp;dlg;rc2;rct;bin;rgs;gif;jpg;jpeg;jpe;resx;tiff;tif;png;wav;mfcribbon-ms</Extensions>
    </Filter>
    <Filter Include="Resource Files\Shaders">
      <UniqueIdentifier>{0b453030-53a5-48b7-af7f-d83a0f32d386}</UniqueIdentifier>
    </Filter>
    <Filter Include="Source Files\SpaceColonisation">
      <UniqueIdentifier>{7e23a94d-fb00-40ac-bcef-34eff97459f1}</UniqueIdentifier>
    </Filter>
  </ItemGroup>
  <ItemGroup>
    <ClCompile Include="Renderer.cpp">
      <Filter>Source Files</Filter>
    </ClCompile>
    <ClCompile Include="VertexBuffer.cpp">
      <Filter>Source Files</Filter>
    </ClCompile>
    <ClCompile Include="IndexBuffer.cpp">
      <Filter>Source Files</Filter>
    </ClCompile>
    <ClCompile Include="VertexArray.cpp">
      <Filter>Source Files</Filter>
    </ClCompile>
    <ClCompile Include="Shader.cpp">
      <Filter>Source Files</Filter>
    </ClCompile>
    <ClCompile Include="Main.cpp">
      <Filter>Source Files</Filter>
    </ClCompile>
    <ClCompile Include="TestTreeSpaceColonisation.cpp">
      <Filter>Source Files\SpaceColonisation</Filter>
    </ClCompile>
    <ClCompile Include="glad.c">
      <Filter>Source Files</Filter>
    </ClCompile>
    <ClCompile Include="Leaf.cpp">
      <Filter>Source Files\SpaceColonisation</Filter>
    </ClCompile>
    <ClCompile Include="Branch.cpp">
      <Filter>Source Files\SpaceColonisation</Filter>
    </ClCompile>
    <ClCompile Include="LeafGeneration.cpp">
      <Filter>Source Files\SpaceColonisation</Filter>
    </ClCompile>
    <ClCompile Include="RidgeGeneration.cpp">
      <Filter>Source Files\SpaceColonisation</Filter>
    </ClCompile>
    <ClCompile Include="HeightGeneration.cpp">
      <Filter>Source Files\SpaceColonisation</Filter>
    </ClCompile>
    <ClCompile Include="Camera.cpp">
      <Filter>Source Files</Filter>
    </ClCompile>
    <ClCompile Include="ImageDraw.cpp">
      <Filter>Source Files\SpaceColonisation</Filter>
    </ClCompile>
    <ClCompile Include="TerrainDraw.cpp">
      <Filter>Source Files\SpaceColonisation</Filter>
    </ClCompile>
    <ClCompile Include="TerrainRender.cpp">
      <Filter>Source Files\SpaceColonisation</Filter>
    </ClCompile>
  </ItemGroup>
  <ItemGroup>
    <ClInclude Include="Renderer.h">
      <Filter>Header Files</Filter>
    </ClInclude>
    <ClInclude Include="VertexBuffer.h">
      <Filter>Header Files</Filter>
    </ClInclude>
    <ClInclude Include="IndexBuffer.h">
      <Filter>Header Files</Filter>
    </ClInclude>
    <ClInclude Include="VertexArray.h">
      <Filter>Header Files</Filter>
    </ClInclude>
    <ClInclude Include="VertexBufferLayout.h">
      <Filter>Header Files</Filter>
    </ClInclude>
    <ClInclude Include="Shader.h">
      <Filter>Header Files</Filter>
    </ClInclude>
    <ClInclude Include="TestTreeSpaceColonisation.h">
      <Filter>Source Files\SpaceColonisation</Filter>
    </ClInclude>
    <ClInclude Include="Leaf.h">
      <Filter>Source Files\SpaceColonisation</Filter>
    </ClInclude>
    <ClInclude Include="Branch.h">
      <Filter>Source Files\SpaceColonisation</Filter>
    </ClInclude>
    <ClInclude Include="LeafGeneration.h">
      <Filter>Source Files\SpaceColonisation</Filter>
    </ClInclude>
    <ClInclude Include="RidgeGeneration.h">
      <Filter>Source Files\SpaceColonisation</Filter>
    </ClInclude>
    <ClInclude Include="HeightGeneration.h">
      <Filter>Source Files\SpaceColonisation</Filter>
    </ClInclude>
    <ClInclude Include="Camera.h">
      <Filter>Header Files</Filter>
    </ClInclude>
    <ClInclude Include="ImageDraw.h">
      <Filter>Source Files\SpaceColonisation</Filter>
    </ClInclude>
    <ClInclude Include="TerrainDraw.h">
      <Filter>Source Files\SpaceColonisation</Filter>
    </ClInclude>
    <ClInclude Include="TerrainRender.h">
      <Filter>Source Files\SpaceColonisation</Filter>
    </ClInclude>
    <ClInclude Include="Include.h">
      <Filter>Header Files</Filter>
    </ClInclude>
  </ItemGroup>
  <ItemGroup>
    <None Include="RiverTerrain.shader">
      <Filter>Resource Files\Shaders</Filter>
    </None>
    <None Include="RiverImage.shader">
      <Filter>Resource Files\Shaders</Filter>
    </None>
    <None Include="GeneralTerrain.shader">
      <Filter>Resource Files\Shaders</Filter>
    </None>
    <None Include="CompleteTerrain.shader">
      <Filter>Resource Files\Shaders</Filter>
    </None>
    <None Include="GeneralImage.shader">
      <Filter>Resource Files\Shaders</Filter>
    </None>
    <None Include="SudoCompleteTerrain1.shader">
      <Filter>Resource Files\Shaders</Filter>
    </None>
  </ItemGroup>
</Project>